
Microsoft Visual Studio Solution File, Format Version 12.00
# Visual Studio Version 16
VisualStudioVersion = 16.0.30621.155
MinimumVisualStudioVersion = 10.0.40219.1
Project("{9A19103F-16F7-4668-BE54-9A1E7A4F7556}") = "Sprint_01", "Sprint_01\Sprint_01.csproj", "{C3D0F6C4-1188-4866-BCA3-830E49E31574}"
EndProject
Project("{9A19103F-16F7-4668-BE54-9A1E7A4F7556}") = "Sprint_02", "Sprint_02\Sprint_02.csproj", "{959B7261-ABCB-41E2-BF0C-A5E885F623E2}"
EndProject
Project("{9A19103F-16F7-4668-BE54-9A1E7A4F7556}") = "Sprint_03", "Sprint_03\Sprint_03.csproj", "{3F4DADDF-F020-4D41-845B-919A22589E88}"
EndProject
Project("{9A19103F-16F7-4668-BE54-9A1E7A4F7556}") = "Sprint_04", "Sprint_04\Sprint_04.csproj", "{509FE4F0-6307-4A9B-B2CB-47AD9560C3B2}"
EndProject
Project("{9A19103F-16F7-4668-BE54-9A1E7A4F7556}") = "Sprint_05", "Sprint_05\Sprint_05.csproj", "{47AE5F0B-D1B8-48D6-9B68-1D5A94868029}"
EndProject
Project("{9A19103F-16F7-4668-BE54-9A1E7A4F7556}") = "Sprint_06", "Sprint_06\Sprint_06.csproj", "{D8B12B27-DE6E-4A05-A8BD-ABB9BFC07635}"
EndProject
Project("{9A19103F-16F7-4668-BE54-9A1E7A4F7556}") = "Sprint_07", "Sprint_07\Sprint_07.csproj", "{CFE7BAF7-AB8F-4AE9-86F3-036120855937}"
EndProject
Project("{9A19103F-16F7-4668-BE54-9A1E7A4F7556}") = "Sprint_08", "Sprint_08\Sprint_08.csproj", "{762186AA-5384-4C03-AB00-D6F7DD9C30C6}"
EndProject
Project("{9A19103F-16F7-4668-BE54-9A1E7A4F7556}") = "Sprint_09", "Sprint_09\Sprint_09.csproj", "{A52AFBD6-143A-4BCE-BD50-3D7C2CB79A5C}"
EndProject
Project("{9A19103F-16F7-4668-BE54-9A1E7A4F7556}") = "Sprint_10", "Sprint_10\Sprint_10.csproj", "{6FE5A9B2-F642-4A4F-85DD-6E275A4373D2}"
EndProject
Project("{9A19103F-16F7-4668-BE54-9A1E7A4F7556}") = "Sprint_11", "Sprint_11\Sprint_11.csproj", "{E4CE04D0-B1FA-455D-89CB-F67AE2C85EAC}"
EndProject
Project("{FAE04EC0-301F-11D3-BF4B-00C04F79EFBC}") = "Sprint_12", "Sprint_12\Sprint_12.csproj", "{FF27F0B1-B2DF-4D66-8B4D-AB322D6BF35D}"
EndProject
Global
	GlobalSection(SolutionConfigurationPlatforms) = preSolution
		Debug|Any CPU = Debug|Any CPU
		Release|Any CPU = Release|Any CPU
	EndGlobalSection
	GlobalSection(ProjectConfigurationPlatforms) = postSolution
		{C3D0F6C4-1188-4866-BCA3-830E49E31574}.Debug|Any CPU.ActiveCfg = Debug|Any CPU
		{C3D0F6C4-1188-4866-BCA3-830E49E31574}.Debug|Any CPU.Build.0 = Debug|Any CPU
		{C3D0F6C4-1188-4866-BCA3-830E49E31574}.Release|Any CPU.ActiveCfg = Release|Any CPU
		{C3D0F6C4-1188-4866-BCA3-830E49E31574}.Release|Any CPU.Build.0 = Release|Any CPU
		{959B7261-ABCB-41E2-BF0C-A5E885F623E2}.Debug|Any CPU.ActiveCfg = Debug|Any CPU
		{959B7261-ABCB-41E2-BF0C-A5E885F623E2}.Debug|Any CPU.Build.0 = Debug|Any CPU
		{959B7261-ABCB-41E2-BF0C-A5E885F623E2}.Release|Any CPU.ActiveCfg = Release|Any CPU
		{959B7261-ABCB-41E2-BF0C-A5E885F623E2}.Release|Any CPU.Build.0 = Release|Any CPU
		{3F4DADDF-F020-4D41-845B-919A22589E88}.Debug|Any CPU.ActiveCfg = Debug|Any CPU
		{3F4DADDF-F020-4D41-845B-919A22589E88}.Debug|Any CPU.Build.0 = Debug|Any CPU
		{3F4DADDF-F020-4D41-845B-919A22589E88}.Release|Any CPU.ActiveCfg = Release|Any CPU
		{3F4DADDF-F020-4D41-845B-919A22589E88}.Release|Any CPU.Build.0 = Release|Any CPU
		{509FE4F0-6307-4A9B-B2CB-47AD9560C3B2}.Debug|Any CPU.ActiveCfg = Debug|Any CPU
		{509FE4F0-6307-4A9B-B2CB-47AD9560C3B2}.Debug|Any CPU.Build.0 = Debug|Any CPU
		{509FE4F0-6307-4A9B-B2CB-47AD9560C3B2}.Release|Any CPU.ActiveCfg = Release|Any CPU
		{509FE4F0-6307-4A9B-B2CB-47AD9560C3B2}.Release|Any CPU.Build.0 = Release|Any CPU
		{47AE5F0B-D1B8-48D6-9B68-1D5A94868029}.Debug|Any CPU.ActiveCfg = Debug|Any CPU
		{47AE5F0B-D1B8-48D6-9B68-1D5A94868029}.Debug|Any CPU.Build.0 = Debug|Any CPU
		{47AE5F0B-D1B8-48D6-9B68-1D5A94868029}.Release|Any CPU.ActiveCfg = Release|Any CPU
		{47AE5F0B-D1B8-48D6-9B68-1D5A94868029}.Release|Any CPU.Build.0 = Release|Any CPU
		{D8B12B27-DE6E-4A05-A8BD-ABB9BFC07635}.Debug|Any CPU.ActiveCfg = Debug|Any CPU
		{D8B12B27-DE6E-4A05-A8BD-ABB9BFC07635}.Debug|Any CPU.Build.0 = Debug|Any CPU
		{D8B12B27-DE6E-4A05-A8BD-ABB9BFC07635}.Release|Any CPU.ActiveCfg = Release|Any CPU
		{D8B12B27-DE6E-4A05-A8BD-ABB9BFC07635}.Release|Any CPU.Build.0 = Release|Any CPU
		{CFE7BAF7-AB8F-4AE9-86F3-036120855937}.Debug|Any CPU.ActiveCfg = Debug|Any CPU
		{CFE7BAF7-AB8F-4AE9-86F3-036120855937}.Debug|Any CPU.Build.0 = Debug|Any CPU
		{CFE7BAF7-AB8F-4AE9-86F3-036120855937}.Release|Any CPU.ActiveCfg = Release|Any CPU
		{CFE7BAF7-AB8F-4AE9-86F3-036120855937}.Release|Any CPU.Build.0 = Release|Any CPU
		{762186AA-5384-4C03-AB00-D6F7DD9C30C6}.Debug|Any CPU.ActiveCfg = Debug|Any CPU
		{762186AA-5384-4C03-AB00-D6F7DD9C30C6}.Debug|Any CPU.Build.0 = Debug|Any CPU
		{762186AA-5384-4C03-AB00-D6F7DD9C30C6}.Release|Any CPU.ActiveCfg = Release|Any CPU
		{762186AA-5384-4C03-AB00-D6F7DD9C30C6}.Release|Any CPU.Build.0 = Release|Any CPU
		{A52AFBD6-143A-4BCE-BD50-3D7C2CB79A5C}.Debug|Any CPU.ActiveCfg = Debug|Any CPU
		{A52AFBD6-143A-4BCE-BD50-3D7C2CB79A5C}.Debug|Any CPU.Build.0 = Debug|Any CPU
		{A52AFBD6-143A-4BCE-BD50-3D7C2CB79A5C}.Release|Any CPU.ActiveCfg = Release|Any CPU
		{A52AFBD6-143A-4BCE-BD50-3D7C2CB79A5C}.Release|Any CPU.Build.0 = Release|Any CPU
		{6FE5A9B2-F642-4A4F-85DD-6E275A4373D2}.Debug|Any CPU.ActiveCfg = Debug|Any CPU
		{6FE5A9B2-F642-4A4F-85DD-6E275A4373D2}.Debug|Any CPU.Build.0 = Debug|Any CPU
		{6FE5A9B2-F642-4A4F-85DD-6E275A4373D2}.Release|Any CPU.ActiveCfg = Release|Any CPU
		{6FE5A9B2-F642-4A4F-85DD-6E275A4373D2}.Release|Any CPU.Build.0 = Release|Any CPU
		{E4CE04D0-B1FA-455D-89CB-F67AE2C85EAC}.Debug|Any CPU.ActiveCfg = Debug|Any CPU
		{E4CE04D0-B1FA-455D-89CB-F67AE2C85EAC}.Debug|Any CPU.Build.0 = Debug|Any CPU
		{E4CE04D0-B1FA-455D-89CB-F67AE2C85EAC}.Release|Any CPU.ActiveCfg = Release|Any CPU
		{E4CE04D0-B1FA-455D-89CB-F67AE2C85EAC}.Release|Any CPU.Build.0 = Release|Any CPU
		{FF27F0B1-B2DF-4D66-8B4D-AB322D6BF35D}.Debug|Any CPU.ActiveCfg = Debug|Any CPU
		{FF27F0B1-B2DF-4D66-8B4D-AB322D6BF35D}.Debug|Any CPU.Build.0 = Debug|Any CPU
		{FF27F0B1-B2DF-4D66-8B4D-AB322D6BF35D}.Release|Any CPU.ActiveCfg = Release|Any CPU
		{FF27F0B1-B2DF-4D66-8B4D-AB322D6BF35D}.Release|Any CPU.Build.0 = Release|Any CPU
	EndGlobalSection
	GlobalSection(SolutionProperties) = preSolution
		HideSolutionNode = FALSE
	EndGlobalSection
	GlobalSection(ExtensibilityGlobals) = postSolution
		SolutionGuid = {8468427F-4912-4B64-BC28-BE3AEB65E925}
	EndGlobalSection
EndGlobal
