
Microsoft Visual Studio Solution File, Format Version 12.00
# Visual Studio Version 16
VisualStudioVersion = 16.0.30621.155
MinimumVisualStudioVersion = 10.0.40219.1
Project("{9A19103F-16F7-4668-BE54-9A1E7A4F7556}") = "Sprint_01", "Sprint_01\Sprint_01.csproj", "{C3D0F6C4-1188-4866-BCA3-830E49E31574}"
EndProject
Project("{FAE04EC0-301F-11D3-BF4B-00C04F79EFBC}") = "Sprint_02", "Sprint_02\Sprint_02.csproj", "{959B7261-ABCB-41E2-BF0C-A5E885F623E2}"
EndProject
Global
	GlobalSection(SolutionConfigurationPlatforms) = preSolution
		Debug|Any CPU = Debug|Any CPU
		Release|Any CPU = Release|Any CPU
	EndGlobalSection
	GlobalSection(ProjectConfigurationPlatforms) = postSolution
		{C3D0F6C4-1188-4866-BCA3-830E49E31574}.Debug|Any CPU.ActiveCfg = Debug|Any CPU
		{C3D0F6C4-1188-4866-BCA3-830E49E31574}.Debug|Any CPU.Build.0 = Debug|Any CPU
		{C3D0F6C4-1188-4866-BCA3-830E49E31574}.Release|Any CPU.ActiveCfg = Release|Any CPU
		{C3D0F6C4-1188-4866-BCA3-830E49E31574}.Release|Any CPU.Build.0 = Release|Any CPU
		{959B7261-ABCB-41E2-BF0C-A5E885F623E2}.Debug|Any CPU.ActiveCfg = Debug|Any CPU
		{959B7261-ABCB-41E2-BF0C-A5E885F623E2}.Debug|Any CPU.Build.0 = Debug|Any CPU
		{959B7261-ABCB-41E2-BF0C-A5E885F623E2}.Release|Any CPU.ActiveCfg = Release|Any CPU
		{959B7261-ABCB-41E2-BF0C-A5E885F623E2}.Release|Any CPU.Build.0 = Release|Any CPU
	EndGlobalSection
	GlobalSection(SolutionProperties) = preSolution
		HideSolutionNode = FALSE
	EndGlobalSection
	GlobalSection(ExtensibilityGlobals) = postSolution
		SolutionGuid = {8468427F-4912-4B64-BC28-BE3AEB65E925}
	EndGlobalSection
EndGlobal
